{
  "requires": true,
  "lockfileVersion": 1,
  "dependencies": {
    "scrollreveal": {
      "version": "3.3.6",
      "resolved": "https://registry.npmjs.org/scrollreveal/-/scrollreveal-3.3.6.tgz",
      "integrity": "sha512-5HiAtVqwffX18w/kqXkD+S54A0MoE4xLAwQcszEYGuy+EsRUoHsw1BhFpxGCcbTXIy5HMtj/qmLDbpQ+J3llig=="
    }
  }
}
